
Microsoft Visual Studio Solution File, Format Version 12.00
# Visual Studio Version 17
VisualStudioVersion = 17.8.34322.80
MinimumVisualStudioVersion = 10.0.40219.1
Project("{9A19103F-16F7-4668-BE54-9A1E7A4F7556}") = "FunctionCalling", "FunctionCalling\FunctionCalling.csproj", "{CFFAFDAB-A810-45AD-A2ED-5FEE86D041A7}"
EndProject
Project("{FAE04EC0-301F-11D3-BF4B-00C04F79EFBC}") = "MultiLLMsApp", "MultiLLMsApp\MultiLLMsApp.csproj", "{E5736BC2-7E34-4CD4-96CE-081F9401517A}"
EndProject
Project("{2150E333-8FDC-42A3-9474-1A3956D46DE8}") = "Solution Items", "Solution Items", "{B64012B3-D94F-4E6C-9586-52E5FF95647A}"
	ProjectSection(SolutionItems) = preProject
		.editorconfig = .editorconfig
	EndProjectSection
EndProject
Project("{FAE04EC0-301F-11D3-BF4B-00C04F79EFBC}") = "AIAgentsHelloWorld", "AIAgentsHelloWorld\AIAgentsHelloWorld.csproj", "{54CEB395-E8B1-48EF-9783-86A2DBE962C0}"
EndProject
Global
	GlobalSection(SolutionConfigurationPlatforms) = preSolution
		Debug|Any CPU = Debug|Any CPU
		Release|Any CPU = Release|Any CPU
	EndGlobalSection
	GlobalSection(ProjectConfigurationPlatforms) = postSolution
		{CFFAFDAB-A810-45AD-A2ED-5FEE86D041A7}.Debug|Any CPU.ActiveCfg = Debug|Any CPU
		{CFFAFDAB-A810-45AD-A2ED-5FEE86D041A7}.Debug|Any CPU.Build.0 = Debug|Any CPU
		{CFFAFDAB-A810-45AD-A2ED-5FEE86D041A7}.Release|Any CPU.ActiveCfg = Release|Any CPU
		{CFFAFDAB-A810-45AD-A2ED-5FEE86D041A7}.Release|Any CPU.Build.0 = Release|Any CPU
		{E5736BC2-7E34-4CD4-96CE-081F9401517A}.Debug|Any CPU.ActiveCfg = Debug|Any CPU
		{E5736BC2-7E34-4CD4-96CE-081F9401517A}.Debug|Any CPU.Build.0 = Debug|Any CPU
		{E5736BC2-7E34-4CD4-96CE-081F9401517A}.Release|Any CPU.ActiveCfg = Release|Any CPU
		{E5736BC2-7E34-4CD4-96CE-081F9401517A}.Release|Any CPU.Build.0 = Release|Any CPU
		{54CEB395-E8B1-48EF-9783-86A2DBE962C0}.Debug|Any CPU.ActiveCfg = Debug|Any CPU
		{54CEB395-E8B1-48EF-9783-86A2DBE962C0}.Debug|Any CPU.Build.0 = Debug|Any CPU
		{54CEB395-E8B1-48EF-9783-86A2DBE962C0}.Release|Any CPU.ActiveCfg = Release|Any CPU
		{54CEB395-E8B1-48EF-9783-86A2DBE962C0}.Release|Any CPU.Build.0 = Release|Any CPU
	EndGlobalSection
	GlobalSection(SolutionProperties) = preSolution
		HideSolutionNode = FALSE
	EndGlobalSection
	GlobalSection(ExtensibilityGlobals) = postSolution
		SolutionGuid = {73D1CC55-1BDB-4B28-84CF-4190EF059685}
	EndGlobalSection
EndGlobal
